
Microsoft Visual Studio Solution File, Format Version 12.00
# Visual Studio Version 17
VisualStudioVersion = 17.6.33815.320
MinimumVisualStudioVersion = 10.0.40219.1
Project("{FAE04EC0-301F-11D3-BF4B-00C04F79EFBC}") = "UI", "ECSA\UI.csproj", "{D33B34B0-EBAB-4DEC-A75A-A5CAF8BB0551}"
	ProjectSection(ProjectDependencies) = postProject
		{59E111A0-CA7B-4FCC-A6D9-4C434FCC4A74} = {59E111A0-CA7B-4FCC-A6D9-4C434FCC4A74}
		{8E88C4B8-7C99-4690-82F2-002F92400F07} = {8E88C4B8-7C99-4690-82F2-002F92400F07}
	EndProjectSection
EndProject
Project("{FAE04EC0-301F-11D3-BF4B-00C04F79EFBC}") = "BE", "BE\BE.csproj", "{59E111A0-CA7B-4FCC-A6D9-4C434FCC4A74}"
EndProject
Project("{FAE04EC0-301F-11D3-BF4B-00C04F79EFBC}") = "BLL", "BLL\BLL.csproj", "{8E88C4B8-7C99-4690-82F2-002F92400F07}"
	ProjectSection(ProjectDependencies) = postProject
		{4232FC13-0FD8-4576-828F-27EBE0E8BCAB} = {4232FC13-0FD8-4576-828F-27EBE0E8BCAB}
		{59E111A0-CA7B-4FCC-A6D9-4C434FCC4A74} = {59E111A0-CA7B-4FCC-A6D9-4C434FCC4A74}
	EndProjectSection
EndProject
Project("{FAE04EC0-301F-11D3-BF4B-00C04F79EFBC}") = "DAL", "DAL\DAL.csproj", "{4232FC13-0FD8-4576-828F-27EBE0E8BCAB}"
	ProjectSection(ProjectDependencies) = postProject
		{59E111A0-CA7B-4FCC-A6D9-4C434FCC4A74} = {59E111A0-CA7B-4FCC-A6D9-4C434FCC4A74}
		{77C4CC50-3DAA-4A01-AE22-4BBF00E7D139} = {77C4CC50-3DAA-4A01-AE22-4BBF00E7D139}
	EndProjectSection
EndProject
Project("{FAE04EC0-301F-11D3-BF4B-00C04F79EFBC}") = "SqlHelper", "SqlHelper\SqlHelper.csproj", "{77C4CC50-3DAA-4A01-AE22-4BBF00E7D139}"
EndProject
Global
	GlobalSection(SolutionConfigurationPlatforms) = preSolution
		Debug|Any CPU = Debug|Any CPU
		Release|Any CPU = Release|Any CPU
	EndGlobalSection
	GlobalSection(ProjectConfigurationPlatforms) = postSolution
		{D33B34B0-EBAB-4DEC-A75A-A5CAF8BB0551}.Debug|Any CPU.ActiveCfg = Debug|Any CPU
		{D33B34B0-EBAB-4DEC-A75A-A5CAF8BB0551}.Debug|Any CPU.Build.0 = Debug|Any CPU
		{D33B34B0-EBAB-4DEC-A75A-A5CAF8BB0551}.Release|Any CPU.ActiveCfg = Release|Any CPU
		{D33B34B0-EBAB-4DEC-A75A-A5CAF8BB0551}.Release|Any CPU.Build.0 = Release|Any CPU
		{59E111A0-CA7B-4FCC-A6D9-4C434FCC4A74}.Debug|Any CPU.ActiveCfg = Debug|Any CPU
		{59E111A0-CA7B-4FCC-A6D9-4C434FCC4A74}.Debug|Any CPU.Build.0 = Debug|Any CPU
		{59E111A0-CA7B-4FCC-A6D9-4C434FCC4A74}.Release|Any CPU.ActiveCfg = Release|Any CPU
		{59E111A0-CA7B-4FCC-A6D9-4C434FCC4A74}.Release|Any CPU.Build.0 = Release|Any CPU
		{8E88C4B8-7C99-4690-82F2-002F92400F07}.Debug|Any CPU.ActiveCfg = Debug|Any CPU
		{8E88C4B8-7C99-4690-82F2-002F92400F07}.Debug|Any CPU.Build.0 = Debug|Any CPU
		{8E88C4B8-7C99-4690-82F2-002F92400F07}.Release|Any CPU.ActiveCfg = Release|Any CPU
		{8E88C4B8-7C99-4690-82F2-002F92400F07}.Release|Any CPU.Build.0 = Release|Any CPU
		{4232FC13-0FD8-4576-828F-27EBE0E8BCAB}.Debug|Any CPU.ActiveCfg = Debug|Any CPU
		{4232FC13-0FD8-4576-828F-27EBE0E8BCAB}.Debug|Any CPU.Build.0 = Debug|Any CPU
		{4232FC13-0FD8-4576-828F-27EBE0E8BCAB}.Release|Any CPU.ActiveCfg = Release|Any CPU
		{4232FC13-0FD8-4576-828F-27EBE0E8BCAB}.Release|Any CPU.Build.0 = Release|Any CPU
		{77C4CC50-3DAA-4A01-AE22-4BBF00E7D139}.Debug|Any CPU.ActiveCfg = Debug|Any CPU
		{77C4CC50-3DAA-4A01-AE22-4BBF00E7D139}.Debug|Any CPU.Build.0 = Debug|Any CPU
		{77C4CC50-3DAA-4A01-AE22-4BBF00E7D139}.Release|Any CPU.ActiveCfg = Release|Any CPU
		{77C4CC50-3DAA-4A01-AE22-4BBF00E7D139}.Release|Any CPU.Build.0 = Release|Any CPU
	EndGlobalSection
	GlobalSection(SolutionProperties) = preSolution
		HideSolutionNode = FALSE
	EndGlobalSection
	GlobalSection(ExtensibilityGlobals) = postSolution
		SolutionGuid = {83881FEA-F9E4-4CEE-8DDD-5EC1862E9A3C}
	EndGlobalSection
EndGlobal
